
Microsoft Visual Studio Solution File, Format Version 12.00
# Visual Studio Version 16
VisualStudioVersion = 16.0.30114.105
MinimumVisualStudioVersion = 10.0.40219.1
Project("{FAE04EC0-301F-11D3-BF4B-00C04F79EFBC}") = "FitCycle.UWP", "FitCycle\FitCycle.UWP\FitCycle.UWP.csproj", "{5C320448-03BE-4F08-8B94-765D18E60CFD}"
EndProject
Project("{FAE04EC0-301F-11D3-BF4B-00C04F79EFBC}") = "FitCycle.Android", "FitCycle\FitCycle.Android\FitCycle.Android.csproj", "{530A5BAD-7ED9-42EF-B704-278A73ED8318}"
EndProject
Project("{FAE04EC0-301F-11D3-BF4B-00C04F79EFBC}") = "FitCycle.iOS", "FitCycle\FitCycle.iOS\FitCycle.iOS.csproj", "{B995E075-2E66-43D7-83FC-EB722937ADE7}"
EndProject
Project("{9A19103F-16F7-4668-BE54-9A1E7A4F7556}") = "FitCycle", "FitCycle\FitCycle\FitCycle.csproj", "{84D09C7E-85EE-4D0F-9DB3-858ED6B90310}"
EndProject
Global
	GlobalSection(SolutionConfigurationPlatforms) = preSolution
		Debug|Any CPU = Debug|Any CPU
		Debug|ARM = Debug|ARM
		Debug|iPhone = Debug|iPhone
		Debug|iPhoneSimulator = Debug|iPhoneSimulator
		Debug|x64 = Debug|x64
		Debug|x86 = Debug|x86
		Release|Any CPU = Release|Any CPU
		Release|ARM = Release|ARM
		Release|iPhone = Release|iPhone
		Release|iPhoneSimulator = Release|iPhoneSimulator
		Release|x64 = Release|x64
		Release|x86 = Release|x86
	EndGlobalSection
	GlobalSection(ProjectConfigurationPlatforms) = postSolution
		{5C320448-03BE-4F08-8B94-765D18E60CFD}.Debug|Any CPU.ActiveCfg = Debug|x86
		{5C320448-03BE-4F08-8B94-765D18E60CFD}.Debug|Any CPU.Build.0 = Debug|x86
		{5C320448-03BE-4F08-8B94-765D18E60CFD}.Debug|Any CPU.Deploy.0 = Debug|x86
		{5C320448-03BE-4F08-8B94-765D18E60CFD}.Debug|ARM.ActiveCfg = Debug|ARM
		{5C320448-03BE-4F08-8B94-765D18E60CFD}.Debug|ARM.Build.0 = Debug|ARM
		{5C320448-03BE-4F08-8B94-765D18E60CFD}.Debug|ARM.Deploy.0 = Debug|ARM
		{5C320448-03BE-4F08-8B94-765D18E60CFD}.Debug|iPhone.ActiveCfg = Debug|x86
		{5C320448-03BE-4F08-8B94-765D18E60CFD}.Debug|iPhone.Build.0 = Debug|x86
		{5C320448-03BE-4F08-8B94-765D18E60CFD}.Debug|iPhone.Deploy.0 = Debug|x86
		{5C320448-03BE-4F08-8B94-765D18E60CFD}.Debug|iPhoneSimulator.ActiveCfg = Debug|x86
		{5C320448-03BE-4F08-8B94-765D18E60CFD}.Debug|iPhoneSimulator.Build.0 = Debug|x86
		{5C320448-03BE-4F08-8B94-765D18E60CFD}.Debug|iPhoneSimulator.Deploy.0 = Debug|x86
		{5C320448-03BE-4F08-8B94-765D18E60CFD}.Debug|x64.ActiveCfg = Debug|x64
		{5C320448-03BE-4F08-8B94-765D18E60CFD}.Debug|x64.Build.0 = Debug|x64
		{5C320448-03BE-4F08-8B94-765D18E60CFD}.Debug|x64.Deploy.0 = Debug|x64
		{5C320448-03BE-4F08-8B94-765D18E60CFD}.Debug|x86.ActiveCfg = Debug|x86
		{5C320448-03BE-4F08-8B94-765D18E60CFD}.Debug|x86.Build.0 = Debug|x86
		{5C320448-03BE-4F08-8B94-765D18E60CFD}.Debug|x86.Deploy.0 = Debug|x86
		{5C320448-03BE-4F08-8B94-765D18E60CFD}.Release|Any CPU.ActiveCfg = Release|x86
		{5C320448-03BE-4F08-8B94-765D18E60CFD}.Release|Any CPU.Build.0 = Release|x86
		{5C320448-03BE-4F08-8B94-765D18E60CFD}.Release|Any CPU.Deploy.0 = Release|x86
		{5C320448-03BE-4F08-8B94-765D18E60CFD}.Release|ARM.ActiveCfg = Release|ARM
		{5C320448-03BE-4F08-8B94-765D18E60CFD}.Release|ARM.Build.0 = Release|ARM
		{5C320448-03BE-4F08-8B94-765D18E60CFD}.Release|ARM.Deploy.0 = Release|ARM
		{5C320448-03BE-4F08-8B94-765D18E60CFD}.Release|iPhone.ActiveCfg = Release|x86
		{5C320448-03BE-4F08-8B94-765D18E60CFD}.Release|iPhone.Build.0 = Release|x86
		{5C320448-03BE-4F08-8B94-765D18E60CFD}.Release|iPhone.Deploy.0 = Release|x86
		{5C320448-03BE-4F08-8B94-765D18E60CFD}.Release|iPhoneSimulator.ActiveCfg = Release|x86
		{5C320448-03BE-4F08-8B94-765D18E60CFD}.Release|iPhoneSimulator.Build.0 = Release|x86
		{5C320448-03BE-4F08-8B94-765D18E60CFD}.Release|iPhoneSimulator.Deploy.0 = Release|x86
		{5C320448-03BE-4F08-8B94-765D18E60CFD}.Release|x64.ActiveCfg = Release|x64
		{5C320448-03BE-4F08-8B94-765D18E60CFD}.Release|x64.Build.0 = Release|x64
		{5C320448-03BE-4F08-8B94-765D18E60CFD}.Release|x64.Deploy.0 = Release|x64
		{5C320448-03BE-4F08-8B94-765D18E60CFD}.Release|x86.ActiveCfg = Release|x86
		{5C320448-03BE-4F08-8B94-765D18E60CFD}.Release|x86.Build.0 = Release|x86
		{5C320448-03BE-4F08-8B94-765D18E60CFD}.Release|x86.Deploy.0 = Release|x86
		{530A5BAD-7ED9-42EF-B704-278A73ED8318}.Debug|Any CPU.ActiveCfg = Debug|Any CPU
		{530A5BAD-7ED9-42EF-B704-278A73ED8318}.Debug|Any CPU.Build.0 = Debug|Any CPU
		{530A5BAD-7ED9-42EF-B704-278A73ED8318}.Debug|Any CPU.Deploy.0 = Debug|Any CPU
		{530A5BAD-7ED9-42EF-B704-278A73ED8318}.Debug|ARM.ActiveCfg = Debug|Any CPU
		{530A5BAD-7ED9-42EF-B704-278A73ED8318}.Debug|ARM.Build.0 = Debug|Any CPU
		{530A5BAD-7ED9-42EF-B704-278A73ED8318}.Debug|ARM.Deploy.0 = Debug|Any CPU
		{530A5BAD-7ED9-42EF-B704-278A73ED8318}.Debug|iPhone.ActiveCfg = Debug|Any CPU
		{530A5BAD-7ED9-42EF-B704-278A73ED8318}.Debug|iPhone.Build.0 = Debug|Any CPU
		{530A5BAD-7ED9-42EF-B704-278A73ED8318}.Debug|iPhone.Deploy.0 = Debug|Any CPU
		{530A5BAD-7ED9-42EF-B704-278A73ED8318}.Debug|iPhoneSimulator.ActiveCfg = Debug|Any CPU
		{530A5BAD-7ED9-42EF-B704-278A73ED8318}.Debug|iPhoneSimulator.Build.0 = Debug|Any CPU
		{530A5BAD-7ED9-42EF-B704-278A73ED8318}.Debug|iPhoneSimulator.Deploy.0 = Debug|Any CPU
		{530A5BAD-7ED9-42EF-B704-278A73ED8318}.Debug|x64.ActiveCfg = Debug|Any CPU
		{530A5BAD-7ED9-42EF-B704-278A73ED8318}.Debug|x64.Build.0 = Debug|Any CPU
		{530A5BAD-7ED9-42EF-B704-278A73ED8318}.Debug|x64.Deploy.0 = Debug|Any CPU
		{530A5BAD-7ED9-42EF-B704-278A73ED8318}.Debug|x86.ActiveCfg = Debug|Any CPU
		{530A5BAD-7ED9-42EF-B704-278A73ED8318}.Debug|x86.Build.0 = Debug|Any CPU
		{530A5BAD-7ED9-42EF-B704-278A73ED8318}.Debug|x86.Deploy.0 = Debug|Any CPU
		{530A5BAD-7ED9-42EF-B704-278A73ED8318}.Release|Any CPU.ActiveCfg = Release|Any CPU
		{530A5BAD-7ED9-42EF-B704-278A73ED8318}.Release|Any CPU.Build.0 = Release|Any CPU
		{530A5BAD-7ED9-42EF-B704-278A73ED8318}.Release|Any CPU.Deploy.0 = Release|Any CPU
		{530A5BAD-7ED9-42EF-B704-278A73ED8318}.Release|ARM.ActiveCfg = Release|Any CPU
		{530A5BAD-7ED9-42EF-B704-278A73ED8318}.Release|ARM.Build.0 = Release|Any CPU
		{530A5BAD-7ED9-42EF-B704-278A73ED8318}.Release|ARM.Deploy.0 = Release|Any CPU
		{530A5BAD-7ED9-42EF-B704-278A73ED8318}.Release|iPhone.ActiveCfg = Release|Any CPU
		{530A5BAD-7ED9-42EF-B704-278A73ED8318}.Release|iPhone.Build.0 = Release|Any CPU
		{530A5BAD-7ED9-42EF-B704-278A73ED8318}.Release|iPhone.Deploy.0 = Release|Any CPU
		{530A5BAD-7ED9-42EF-B704-278A73ED8318}.Release|iPhoneSimulator.ActiveCfg = Release|Any CPU
		{530A5BAD-7ED9-42EF-B704-278A73ED8318}.Release|iPhoneSimulator.Build.0 = Release|Any CPU
		{530A5BAD-7ED9-42EF-B704-278A73ED8318}.Release|iPhoneSimulator.Deploy.0 = Release|Any CPU
		{530A5BAD-7ED9-42EF-B704-278A73ED8318}.Release|x64.ActiveCfg = Release|Any CPU
		{530A5BAD-7ED9-42EF-B704-278A73ED8318}.Release|x64.Build.0 = Release|Any CPU
		{530A5BAD-7ED9-42EF-B704-278A73ED8318}.Release|x64.Deploy.0 = Release|Any CPU
		{530A5BAD-7ED9-42EF-B704-278A73ED8318}.Release|x86.ActiveCfg = Release|Any CPU
		{530A5BAD-7ED9-42EF-B704-278A73ED8318}.Release|x86.Build.0 = Release|Any CPU
		{530A5BAD-7ED9-42EF-B704-278A73ED8318}.Release|x86.Deploy.0 = Release|Any CPU
		{B995E075-2E66-43D7-83FC-EB722937ADE7}.Debug|Any CPU.ActiveCfg = Debug|iPhone
		{B995E075-2E66-43D7-83FC-EB722937ADE7}.Debug|Any CPU.Build.0 = Debug|iPhone
		{B995E075-2E66-43D7-83FC-EB722937ADE7}.Debug|Any CPU.Deploy.0 = Debug|iPhone
		{B995E075-2E66-43D7-83FC-EB722937ADE7}.Debug|ARM.ActiveCfg = Debug|iPhone
		{B995E075-2E66-43D7-83FC-EB722937ADE7}.Debug|ARM.Build.0 = Debug|iPhone
		{B995E075-2E66-43D7-83FC-EB722937ADE7}.Debug|ARM.Deploy.0 = Debug|iPhone
		{B995E075-2E66-43D7-83FC-EB722937ADE7}.Debug|iPhone.ActiveCfg = Debug|iPhone
		{B995E075-2E66-43D7-83FC-EB722937ADE7}.Debug|iPhone.Build.0 = Debug|iPhone
		{B995E075-2E66-43D7-83FC-EB722937ADE7}.Debug|iPhone.Deploy.0 = Debug|iPhone
		{B995E075-2E66-43D7-83FC-EB722937ADE7}.Debug|iPhoneSimulator.ActiveCfg = Debug|iPhoneSimulator
		{B995E075-2E66-43D7-83FC-EB722937ADE7}.Debug|iPhoneSimulator.Build.0 = Debug|iPhoneSimulator
		{B995E075-2E66-43D7-83FC-EB722937ADE7}.Debug|iPhoneSimulator.Deploy.0 = Debug|iPhoneSimulator
		{B995E075-2E66-43D7-83FC-EB722937ADE7}.Debug|x64.ActiveCfg = Debug|iPhone
		{B995E075-2E66-43D7-83FC-EB722937ADE7}.Debug|x64.Build.0 = Debug|iPhone
		{B995E075-2E66-43D7-83FC-EB722937ADE7}.Debug|x64.Deploy.0 = Debug|iPhone
		{B995E075-2E66-43D7-83FC-EB722937ADE7}.Debug|x86.ActiveCfg = Debug|iPhone
		{B995E075-2E66-43D7-83FC-EB722937ADE7}.Debug|x86.Build.0 = Debug|iPhone
		{B995E075-2E66-43D7-83FC-EB722937ADE7}.Debug|x86.Deploy.0 = Debug|iPhone
		{B995E075-2E66-43D7-83FC-EB722937ADE7}.Release|Any CPU.ActiveCfg = Release|iPhone
		{B995E075-2E66-43D7-83FC-EB722937ADE7}.Release|Any CPU.Build.0 = Release|iPhone
		{B995E075-2E66-43D7-83FC-EB722937ADE7}.Release|Any CPU.Deploy.0 = Release|iPhone
		{B995E075-2E66-43D7-83FC-EB722937ADE7}.Release|ARM.ActiveCfg = Release|iPhone
		{B995E075-2E66-43D7-83FC-EB722937ADE7}.Release|ARM.Build.0 = Release|iPhone
		{B995E075-2E66-43D7-83FC-EB722937ADE7}.Release|ARM.Deploy.0 = Release|iPhone
		{B995E075-2E66-43D7-83FC-EB722937ADE7}.Release|iPhone.ActiveCfg = Release|iPhone
		{B995E075-2E66-43D7-83FC-EB722937ADE7}.Release|iPhone.Build.0 = Release|iPhone
		{B995E075-2E66-43D7-83FC-EB722937ADE7}.Release|iPhone.Deploy.0 = Release|iPhone
		{B995E075-2E66-43D7-83FC-EB722937ADE7}.Release|iPhoneSimulator.ActiveCfg = Release|iPhoneSimulator
		{B995E075-2E66-43D7-83FC-EB722937ADE7}.Release|iPhoneSimulator.Build.0 = Release|iPhoneSimulator
		{B995E075-2E66-43D7-83FC-EB722937ADE7}.Release|iPhoneSimulator.Deploy.0 = Release|iPhoneSimulator
		{B995E075-2E66-43D7-83FC-EB722937ADE7}.Release|x64.ActiveCfg = Release|iPhone
		{B995E075-2E66-43D7-83FC-EB722937ADE7}.Release|x64.Build.0 = Release|iPhone
		{B995E075-2E66-43D7-83FC-EB722937ADE7}.Release|x64.Deploy.0 = Release|iPhone
		{B995E075-2E66-43D7-83FC-EB722937ADE7}.Release|x86.ActiveCfg = Release|iPhone
		{B995E075-2E66-43D7-83FC-EB722937ADE7}.Release|x86.Build.0 = Release|iPhone
		{B995E075-2E66-43D7-83FC-EB722937ADE7}.Release|x86.Deploy.0 = Release|iPhone
		{84D09C7E-85EE-4D0F-9DB3-858ED6B90310}.Debug|Any CPU.ActiveCfg = Debug|Any CPU
		{84D09C7E-85EE-4D0F-9DB3-858ED6B90310}.Debug|Any CPU.Build.0 = Debug|Any CPU
		{84D09C7E-85EE-4D0F-9DB3-858ED6B90310}.Debug|Any CPU.Deploy.0 = Debug|Any CPU
		{84D09C7E-85EE-4D0F-9DB3-858ED6B90310}.Debug|ARM.ActiveCfg = Debug|Any CPU
		{84D09C7E-85EE-4D0F-9DB3-858ED6B90310}.Debug|ARM.Build.0 = Debug|Any CPU
		{84D09C7E-85EE-4D0F-9DB3-858ED6B90310}.Debug|ARM.Deploy.0 = Debug|Any CPU
		{84D09C7E-85EE-4D0F-9DB3-858ED6B90310}.Debug|iPhone.ActiveCfg = Debug|Any CPU
		{84D09C7E-85EE-4D0F-9DB3-858ED6B90310}.Debug|iPhone.Build.0 = Debug|Any CPU
		{84D09C7E-85EE-4D0F-9DB3-858ED6B90310}.Debug|iPhone.Deploy.0 = Debug|Any CPU
		{84D09C7E-85EE-4D0F-9DB3-858ED6B90310}.Debug|iPhoneSimulator.ActiveCfg = Debug|Any CPU
		{84D09C7E-85EE-4D0F-9DB3-858ED6B90310}.Debug|iPhoneSimulator.Build.0 = Debug|Any CPU
		{84D09C7E-85EE-4D0F-9DB3-858ED6B90310}.Debug|iPhoneSimulator.Deploy.0 = Debug|Any CPU
		{84D09C7E-85EE-4D0F-9DB3-858ED6B90310}.Debug|x64.ActiveCfg = Debug|Any CPU
		{84D09C7E-85EE-4D0F-9DB3-858ED6B90310}.Debug|x64.Build.0 = Debug|Any CPU
		{84D09C7E-85EE-4D0F-9DB3-858ED6B90310}.Debug|x64.Deploy.0 = Debug|Any CPU
		{84D09C7E-85EE-4D0F-9DB3-858ED6B90310}.Debug|x86.ActiveCfg = Debug|Any CPU
		{84D09C7E-85EE-4D0F-9DB3-858ED6B90310}.Debug|x86.Build.0 = Debug|Any CPU
		{84D09C7E-85EE-4D0F-9DB3-858ED6B90310}.Debug|x86.Deploy.0 = Debug|Any CPU
		{84D09C7E-85EE-4D0F-9DB3-858ED6B90310}.Release|Any CPU.ActiveCfg = Release|Any CPU
		{84D09C7E-85EE-4D0F-9DB3-858ED6B90310}.Release|Any CPU.Build.0 = Release|Any CPU
		{84D09C7E-85EE-4D0F-9DB3-858ED6B90310}.Release|Any CPU.Deploy.0 = Release|Any CPU
		{84D09C7E-85EE-4D0F-9DB3-858ED6B90310}.Release|ARM.ActiveCfg = Release|Any CPU
		{84D09C7E-85EE-4D0F-9DB3-858ED6B90310}.Release|ARM.Build.0 = Release|Any CPU
		{84D09C7E-85EE-4D0F-9DB3-858ED6B90310}.Release|ARM.Deploy.0 = Release|Any CPU
		{84D09C7E-85EE-4D0F-9DB3-858ED6B90310}.Release|iPhone.ActiveCfg = Release|Any CPU
		{84D09C7E-85EE-4D0F-9DB3-858ED6B90310}.Release|iPhone.Build.0 = Release|Any CPU
		{84D09C7E-85EE-4D0F-9DB3-858ED6B90310}.Release|iPhone.Deploy.0 = Release|Any CPU
		{84D09C7E-85EE-4D0F-9DB3-858ED6B90310}.Release|iPhoneSimulator.ActiveCfg = Release|Any CPU
		{84D09C7E-85EE-4D0F-9DB3-858ED6B90310}.Release|iPhoneSimulator.Build.0 = Release|Any CPU
		{84D09C7E-85EE-4D0F-9DB3-858ED6B90310}.Release|iPhoneSimulator.Deploy.0 = Release|Any CPU
		{84D09C7E-85EE-4D0F-9DB3-858ED6B90310}.Release|x64.ActiveCfg = Release|Any CPU
		{84D09C7E-85EE-4D0F-9DB3-858ED6B90310}.Release|x64.Build.0 = Release|Any CPU
		{84D09C7E-85EE-4D0F-9DB3-858ED6B90310}.Release|x64.Deploy.0 = Release|Any CPU
		{84D09C7E-85EE-4D0F-9DB3-858ED6B90310}.Release|x86.ActiveCfg = Release|Any CPU
		{84D09C7E-85EE-4D0F-9DB3-858ED6B90310}.Release|x86.Build.0 = Release|Any CPU
		{84D09C7E-85EE-4D0F-9DB3-858ED6B90310}.Release|x86.Deploy.0 = Release|Any CPU
	EndGlobalSection
	GlobalSection(SolutionProperties) = preSolution
		HideSolutionNode = FALSE
	EndGlobalSection
	GlobalSection(ExtensibilityGlobals) = postSolution
		SolutionGuid = {D29982D0-5921-47E3-A4EC-63DE19AB9CA8}
	EndGlobalSection
EndGlobal
